{
  "name": "libraries",
  "version": "1.0.0",
  "lockfileVersion": 1,
  "requires": true,
  "dependencies": {
    "snowball": {
      "version": "0.3.1",
      "resolved": "https://registry.npmjs.org/snowball/-/snowball-0.3.1.tgz",
      "integrity": "sha1-YnsZ+2V0EYvvBq1oENhN2+4++ZM="
    }
  }
}
